
Microsoft Visual Studio Solution File, Format Version 12.00
# Visual Studio Version 16
VisualStudioVersion = 16.0.30907.101
MinimumVisualStudioVersion = 10.0.40219.1
Project("{FAE04EC0-301F-11D3-BF4B-00C04F79EFBC}") = "Marvel_DC_Characters", "Marvel_DC_Characters\Marvel_DC_Characters.csproj", "{240B9778-E583-4A6B-B79B-8B8B8626AC4F}"
EndProject
Global
	GlobalSection(SolutionConfigurationPlatforms) = preSolution
		Debug|Any CPU = Debug|Any CPU
		Release|Any CPU = Release|Any CPU
	EndGlobalSection
	GlobalSection(ProjectConfigurationPlatforms) = postSolution
		{240B9778-E583-4A6B-B79B-8B8B8626AC4F}.Debug|Any CPU.ActiveCfg = Debug|Any CPU
		{240B9778-E583-4A6B-B79B-8B8B8626AC4F}.Debug|Any CPU.Build.0 = Debug|Any CPU
		{240B9778-E583-4A6B-B79B-8B8B8626AC4F}.Release|Any CPU.ActiveCfg = Release|Any CPU
		{240B9778-E583-4A6B-B79B-8B8B8626AC4F}.Release|Any CPU.Build.0 = Release|Any CPU
	EndGlobalSection
	GlobalSection(SolutionProperties) = preSolution
		HideSolutionNode = FALSE
	EndGlobalSection
	GlobalSection(ExtensibilityGlobals) = postSolution
		SolutionGuid = {B04B28DD-A9F4-4A6B-B638-23C7971F9377}
	EndGlobalSection
EndGlobal
